
Microsoft Visual Studio Solution File, Format Version 12.00
# Visual Studio Version 17
VisualStudioVersion = 17.5.33502.453
MinimumVisualStudioVersion = 10.0.40219.1
Project("{FAE04EC0-301F-11D3-BF4B-00C04F79EFBC}") = "3. sortowanie babelkowe", "3. sortowanie babelkowe.csproj", "{4D02ED35-5986-4A6B-B958-2A1791A98085}"
EndProject
Global
	GlobalSection(SolutionConfigurationPlatforms) = preSolution
		Debug|Any CPU = Debug|Any CPU
		Release|Any CPU = Release|Any CPU
	EndGlobalSection
	GlobalSection(ProjectConfigurationPlatforms) = postSolution
		{4D02ED35-5986-4A6B-B958-2A1791A98085}.Debug|Any CPU.ActiveCfg = Debug|Any CPU
		{4D02ED35-5986-4A6B-B958-2A1791A98085}.Debug|Any CPU.Build.0 = Debug|Any CPU
		{4D02ED35-5986-4A6B-B958-2A1791A98085}.Release|Any CPU.ActiveCfg = Release|Any CPU
		{4D02ED35-5986-4A6B-B958-2A1791A98085}.Release|Any CPU.Build.0 = Release|Any CPU
	EndGlobalSection
	GlobalSection(SolutionProperties) = preSolution
		HideSolutionNode = FALSE
	EndGlobalSection
	GlobalSection(ExtensibilityGlobals) = postSolution
		SolutionGuid = {602378CD-C992-4E0B-8EDB-02EA2E55B34A}
	EndGlobalSection
EndGlobal
